// !$*UTF8*$!
{
	archiveVersion = 1;
	classes = {
	};
	objectVersion = 50;
	objects = {

/* Begin PBXBuildFile section */
		710ADF57230AE721008841C5 /* BinaryDecimal.swift in Sources */ = {isa = PBXBuildFile; fileRef = 710ADF56230AE721008841C5 /* BinaryDecimal.swift */; };
		71D8C0DB2304FB8D001B38F8 /* AppDelegate.swift in Sources */ = {isa = PBXBuildFile; fileRef = 71D8C0DA2304FB8D001B38F8 /* AppDelegate.swift */; };
		71D8C0DD2304FB8D001B38F8 /* ViewController.swift in Sources */ = {isa = PBXBuildFile; fileRef = 71D8C0DC2304FB8D001B38F8 /* ViewController.swift */; };
		71D8C0E02304FB8D001B38F8 /* Main.storyboard in Resources */ = {isa = PBXBuildFile; fileRef = 71D8C0DE2304FB8D001B38F8 /* Main.storyboard */; };
		71D8C0E22304FB8F001B38F8 /* Assets.xcassets in Resources */ = {isa = PBXBuildFile; fileRef = 71D8C0E12304FB8F001B38F8 /* Assets.xcassets */; };
		71D8C0E52304FB8F001B38F8 /* LaunchScreen.storyboard in Resources */ = {isa = PBXBuildFile; fileRef = 71D8C0E32304FB8F001B38F8 /* LaunchScreen.storyboard */; };
/* End PBXBuildFile section */

/* Begin PBXFileReference section */
		710ADF56230AE721008841C5 /* BinaryDecimal.swift */ = {isa = PBXFileReference; lastKnownFileType = sourcecode.swift; path = BinaryDecimal.swift; sourceTree = "<group>"; };
		71D8C0D72304FB8D001B38F8 /* binary-app.app */ = {isa = PBXFileReference; explicitFileType = wrapper.application; includeInIndex = 0; path = "binary-app.app"; sourceTree = BUILT_PRODUCTS_DIR; };
		71D8C0DA2304FB8D001B38F8 /* AppDelegate.swift */ = {isa = PBXFileReference; lastKnownFileType = sourcecode.swift; path = AppDelegate.swift; sourceTree = "<group>"; };
		71D8C0DC2304FB8D001B38F8 /* ViewController.swift */ = {isa = PBXFileReference; lastKnownFileType = sourcecode.swift; path = ViewController.swift; sourceTree = "<group>"; };
		71D8C0DF2304FB8D001B38F8 /* Base */ = {isa = PBXFileReference; lastKnownFileType = file.storyboard; name = Base; path = Base.lproj/Main.storyboard; sourceTree = "<group>"; };
		71D8C0E12304FB8F001B38F8 /* Assets.xcassets */ = {isa = PBXFileReference; lastKnownFileType = folder.assetcatalog; path = Assets.xcassets; sourceTree = "<group>"; };
		71D8C0E42304FB8F001B38F8 /* Base */ = {isa = PBXFileReference; lastKnownFileType = file.storyboard; name = Base; path = Base.lproj/LaunchScreen.storyboard; sourceTree = "<group>"; };
		71D8C0E62304FB8F001B38F8 /* Info.plist */ = {isa = PBXFileReference; lastKnownFileType = text.plist.xml; path = Info.plist; sourceTree = "<group>"; };
/* End PBXFileReference section */

/* Begin PBXFrameworksBuildPhase section */
		71D8C0D42304FB8D001B38F8 /* Frameworks */ = {
			isa = PBXFrameworksBuildPhase;
			buildActionMask = 2147483647;
			files = (
			);
			runOnlyForDeploymentPostprocessing = 0;
		};
/* End PBXFrameworksBuildPhase section */

/* Begin PBXGroup section */
		710ADF58230AE726008841C5 /* Model */ = {
			isa = PBXGroup;
			children = (
				710ADF56230AE721008841C5 /* BinaryDecimal.swift */,
			);
			path = Model;
			sourceTree = "<group>";
		};
		710ADF59230AE738008841C5 /* Controller */ = {
			isa = PBXGroup;
			children = (
				71D8C0DC2304FB8D001B38F8 /* ViewController.swift */,
			);
			path = Controller;
			sourceTree = "<group>";
		};
		71D8C0CE2304FB8D001B38F8 = {
			isa = PBXGroup;
			children = (
				71D8C0D92304FB8D001B38F8 /* binary-app */,
				71D8C0D82304FB8D001B38F8 /* Products */,
			);
			sourceTree = "<group>";
		};
		71D8C0D82304FB8D001B38F8 /* Products */ = {
			isa = PBXGroup;
			children = (
				71D8C0D72304FB8D001B38F8 /* binary-app.app */,
			);
			name = Products;
			sourceTree = "<group>";
		};
		71D8C0D92304FB8D001B38F8 /* binary-app */ = {
			isa = PBXGroup;
			children = (
				710ADF59230AE738008841C5 /* Controller */,
				710ADF58230AE726008841C5 /* Model */,
				71D8C0DA2304FB8D001B38F8 /* AppDelegate.swift */,
				71D8C0DE2304FB8D001B38F8 /* Main.storyboard */,
				71D8C0E12304FB8F001B38F8 /* Assets.xcassets */,
				71D8C0E32304FB8F001B38F8 /* LaunchScreen.storyboard */,
				71D8C0E62304FB8F001B38F8 /* Info.plist */,
			);
			path = "binary-app";
			sourceTree = "<group>";
		};
/* End PBXGroup section */

/* Begin PBXNativeTarget section */
		71D8C0D62304FB8D001B38F8 /* binary-app */ = {
			isa = PBXNativeTarget;
			buildConfigurationList = 71D8C0E92304FB8F001B38F8 /* Build configuration list for PBXNativeTarget "binary-app" */;
			buildPhases = (
				71D8C0D32304FB8D001B38F8 /* Sources */,
				71D8C0D42304FB8D001B38F8 /* Frameworks */,
				71D8C0D52304FB8D001B38F8 /* Resources */,
			);
			buildRules = (
			);
			dependencies = (
			);
			name = "binary-app";
			productName = "binary-app";
			productReference = 71D8C0D72304FB8D001B38F8 /* binary-app.app */;
			productType = "com.apple.product-type.application";
		};
/* End PBXNativeTarget section */

/* Begin PBXProject section */
		71D8C0CF2304FB8D001B38F8 /* Project object */ = {
			isa = PBXProject;
			attributes = {
				LastSwiftUpdateCheck = 1020;
				LastUpgradeCheck = 1020;
				ORGANIZATIONNAME = "Carlos Pinder";
				TargetAttributes = {
					71D8C0D62304FB8D001B38F8 = {
						CreatedOnToolsVersion = 10.2.1;
					};
				};
			};
			buildConfigurationList = 71D8C0D22304FB8D001B38F8 /* Build configuration list for PBXProject "binary-app" */;
			compatibilityVersion = "Xcode 9.3";
			developmentRegion = en;
			hasScannedForEncodings = 0;
			knownRegions = (
				en,
				Base,
			);
			mainGroup = 71D8C0CE2304FB8D001B38F8;
			productRefGroup = 71D8C0D82304FB8D001B38F8 /* Products */;
			projectDirPath = "";
			projectRoot = "";
			targets = (
				71D8C0D62304FB8D001B38F8 /* binary-app */,
			);
		};
/* End PBXProject section */

/* Begin PBXResourcesBuildPhase section */
		71D8C0D52304FB8D001B38F8 /* Resources */ = {
			isa = PBXResourcesBuildPhase;
			buildActionMask = 2147483647;
			files = (
				71D8C0E52304FB8F001B38F8 /* LaunchScreen.storyboard in Resources */,
				71D8C0E22304FB8F001B38F8 /* Assets.xcassets in Resources */,
				71D8C0E02304FB8D001B38F8 /* Main.storyboard in Resources */,
			);
			runOnlyForDeploymentPostprocessing = 0;
		};
/* End PBXResourcesBuildPhase section */

/* Begin PBXSourcesBuildPhase section */
		71D8C0D32304FB8D001B38F8 /* Sources */ = {
			isa = PBXSourcesBuildPhase;
			buildActionMask = 2147483647;
			files = (
				710ADF57230AE721008841C5 /* BinaryDecimal.swift in Sources */,
				71D8C0DD2304FB8D001B38F8 /* ViewController.swift in Sources */,
				71D8C0DB2304FB8D001B38F8 /* AppDelegate.swift in Sources */,
			);
			runOnlyForDeploymentPostprocessing = 0;
		};
/* End PBXSourcesBuildPhase section */

/* Begin PBXVariantGroup section */
		71D8C0DE2304FB8D001B38F8 /* Main.storyboard */ = {
			isa = PBXVariantGroup;
			children = (
				71D8C0DF2304FB8D001B38F8 /* Base */,
			);
			name = Main.storyboard;
			sourceTree = "<group>";
		};
		71D8C0E32304FB8F001B38F8 /* LaunchScreen.storyboard */ = {
			isa = PBXVariantGroup;
			children = (
				71D8C0E42304FB8F001B38F8 /* Base */,
			);
			name = LaunchScreen.storyboard;
			sourceTree = "<group>";
		};
/* End PBXVariantGroup section */

/* Begin XCBuildConfiguration section */
		71D8C0E72304FB8F001B38F8 /* Debug */ = {
			isa = XCBuildConfiguration;
			buildSettings = {
				ALWAYS_SEARCH_USER_PATHS = NO;
				CLANG_ANALYZER_NONNULL = YES;
				CLANG_ANALYZER_NUMBER_OBJECT_CONVERSION = YES_AGGRESSIVE;
				CLANG_CXX_LANGUAGE_STANDARD = "gnu++14";
				CLANG_CXX_LIBRARY = "libc++";
				CLANG_ENABLE_MODULES = YES;
				CLANG_ENABLE_OBJC_ARC = YES;
				CLANG_ENABLE_OBJC_WEAK = YES;
				CLANG_WARN_BLOCK_CAPTURE_AUTORELEASING = YES;
				CLANG_WARN_BOOL_CONVERSION = YES;
				CLANG_WARN_COMMA = YES;
				CLANG_WARN_CONSTANT_CONVERSION = YES;
				CLANG_WARN_DEPRECATED_OBJC_IMPLEMENTATIONS = YES;
				CLANG_WARN_DIRECT_OBJC_ISA_USAGE = YES_ERROR;
				CLANG_WARN_DOCUMENTATION_COMMENTS = YES;
				CLANG_WARN_EMPTY_BODY = YES;
				CLANG_WARN_ENUM_CONVERSION = YES;
				CLANG_WARN_INFINITE_RECURSION = YES;
				CLANG_WARN_INT_CONVERSION = YES;
				CLANG_WARN_NON_LITERAL_NULL_CONVERSION = YES;
				CLANG_WARN_OBJC_IMPLICIT_RETAIN_SELF = YES;
				CLANG_WARN_OBJC_LITERAL_CONVERSION = YES;
				CLANG_WARN_OBJC_ROOT_CLASS = YES_ERROR;
				CLANG_WARN_RANGE_LOOP_ANALYSIS = YES;
				CLANG_WARN_STRICT_PROTOTYPES = YES;
				CLANG_WARN_SUSPICIOUS_MOVE = YES;
				CLANG_WARN_UNGUARDED_AVAILABILITY = YES_AGGRESSIVE;
				CLANG_WARN_UNREACHABLE_CODE = YES;
				CLANG_WARN__DUPLICATE_METHOD_MATCH = YES;
				CODE_SIGN_IDENTITY = "iPhone Developer";
				COPY_PHASE_STRIP = NO;
				DEBUG_INFORMATION_FORMAT = dwarf;
				ENABLE_STRICT_OBJC_MSGSEND = YES;
				ENABLE_TESTABILITY = YES;
				GCC_C_LANGUAGE_STANDARD = gnu11;
				GCC_DYNAMIC_NO_PIC = NO;
				GCC_NO_COMMON_BLOCKS = YES;
				GCC_OPTIMIZATION_LEVEL = 0;
				GCC_PREPROCESSOR_DEFINITIONS = (
					"DEBUG=1",
					"$(inherited)",
				);
				GCC_WARN_64_TO_32_BIT_CONVERSION = YES;
				GCC_WARN_ABOUT_RETURN_TYPE = YES_ERROR;
				GCC_WARN_UNDECLARED_SELECTOR = YES;
				GCC_WARN_UNINITIALIZED_AUTOS = YES_AGGRESSIVE;
				GCC_WARN_UNUSED_FUNCTION = YES;
				GCC_WARN_UNUSED_VARIABLE = YES;
				IPHONEOS_DEPLOYMENT_TARGET = 12.2;
				MTL_ENABLE_DEBUG_INFO = INCLUDE_SOURCE;
				MTL_FAST_MATH = YES;
				ONLY_ACTIVE_ARCH = YES;
				SDKROOT = iphoneos;
				SWIFT_ACTIVE_COMPILATION_CONDITIONS = DEBUG;
				SWIFT_OPTIMIZATION_LEVEL = "-Onone";
			};
			name = Debug;
		};
		71D8C0E82304FB8F001B38F8 /* Release */ = {
			isa = XCBuildConfiguration;
			buildSettings = {
				ALWAYS_SEARCH_USER_PATHS = NO;
				CLANG_ANALYZER_NONNULL = YES;
				CLANG_ANALYZER_NUMBER_OBJECT_CONVERSION = YES_AGGRESSIVE;
				CLANG_CXX_LANGUAGE_STANDARD = "gnu++14";
				CLANG_CXX_LIBRARY = "libc++";
				CLANG_ENABLE_MODULES = YES;
				CLANG_ENABLE_OBJC_ARC = YES;
				CLANG_ENABLE_OBJC_WEAK = YES;
				CLANG_WARN_BLOCK_CAPTURE_AUTORELEASING = YES;
				CLANG_WARN_BOOL_CONVERSION = YES;
				CLANG_WARN_COMMA = YES;
				CLANG_WARN_CONSTANT_CONVERSION = YES;
				CLANG_WARN_DEPRECATED_OBJC_IMPLEMENTATIONS = YES;
				CLANG_WARN_DIRECT_OBJC_ISA_USAGE = YES_ERROR;
				CLANG_WARN_DOCUMENTATION_COMMENTS = YES;
				CLANG_WARN_EMPTY_BODY = YES;
				CLANG_WARN_ENUM_CONVERSION = YES;
				CLANG_WARN_INFINITE_RECURSION = YES;
				CLANG_WARN_INT_CONVERSION = YES;
				CLANG_WARN_NON_LITERAL_NULL_CONVERSION = YES;
				CLANG_WARN_OBJC_IMPLICIT_RETAIN_SELF = YES;
				CLANG_WARN_OBJC_LITERAL_CONVERSION = YES;
				CLANG_WARN_OBJC_ROOT_CLASS = YES_ERROR;
				CLANG_WARN_RANGE_LOOP_ANALYSIS = YES;
				CLANG_WARN_STRICT_PROTOTYPES = YES;
				CLANG_WARN_SUSPICIOUS_MOVE = YES;
				CLANG_WARN_UNGUARDED_AVAILABILITY = YES_AGGRESSIVE;
				CLANG_WARN_UNREACHABLE_CODE = YES;
				CLANG_WARN__DUPLICATE_METHOD_MATCH = YES;
				CODE_SIGN_IDENTITY = "iPhone Developer";
				COPY_PHASE_STRIP = NO;
				DEBUG_INFORMATION_FORMAT = "dwarf-with-dsym";
				ENABLE_NS_ASSERTIONS = NO;
				ENABLE_STRICT_OBJC_MSGSEND = YES;
				GCC_C_LANGUAGE_STANDARD = gnu11;
				GCC_NO_COMMON_BLOCKS = YES;
				GCC_WARN_64_TO_32_BIT_CONVERSION = YES;
				GCC_WARN_ABOUT_RETURN_TYPE = YES_ERROR;
				GCC_WARN_UNDECLARED_SELECTOR = YES;
				GCC_WARN_UNINITIALIZED_AUTOS = YES_AGGRESSIVE;
				GCC_WARN_UNUSED_FUNCTION = YES;
				GCC_WARN_UNUSED_VARIABLE = YES;
				IPHONEOS_DEPLOYMENT_TARGET = 12.2;
				MTL_ENABLE_DEBUG_INFO = NO;
				MTL_FAST_MATH = YES;
				SDKROOT = iphoneos;
				SWIFT_COMPILATION_MODE = wholemodule;
				SWIFT_OPTIMIZATION_LEVEL = "-O";
				VALIDATE_PRODUCT = YES;
			};
			name = Release;
		};
		71D8C0EA2304FB8F001B38F8 /* Debug */ = {
			isa = XCBuildConfiguration;
			buildSettings = {
				ASSETCATALOG_COMPILER_APPICON_NAME = AppIcon;
				CODE_SIGN_IDENTITY = "iPhone Developer";
				CODE_SIGN_STYLE = Automatic;
				DEVELOPMENT_TEAM = "";
				INFOPLIST_FILE = "binary-app/Info.plist";
				LD_RUNPATH_SEARCH_PATHS = (
					"$(inherited)",
					"@executable_path/Frameworks",
				);
				PRODUCT_BUNDLE_IDENTIFIER = "pindersoftware.binary-app";
				PRODUCT_NAME = "$(TARGET_NAME)";
				PROVISIONING_PROFILE_SPECIFIER = "";
				SWIFT_VERSION = 5.0;
				TARGETED_DEVICE_FAMILY = "1,2";
			};
			name = Debug;
		};
		71D8C0EB2304FB8F001B38F8 /* Release */ = {
			isa = XCBuildConfiguration;
			buildSettings = {
				ASSETCATALOG_COMPILER_APPICON_NAME = AppIcon;
				CODE_SIGN_IDENTITY = "iPhone Developer";
				CODE_SIGN_STYLE = Automatic;
				DEVELOPMENT_TEAM = "";
				INFOPLIST_FILE = "binary-app/Info.plist";
				LD_RUNPATH_SEARCH_PATHS = (
					"$(inherited)",
					"@executable_path/Frameworks",
				);
				PRODUCT_BUNDLE_IDENTIFIER = "pindersoftware.binary-app";
				PRODUCT_NAME = "$(TARGET_NAME)";
				PROVISIONING_PROFILE_SPECIFIER = "";
				SWIFT_VERSION = 5.0;
				TARGETED_DEVICE_FAMILY = "1,2";
			};
			name = Release;
		};
/* End XCBuildConfiguration section */

/* Begin XCConfigurationList section */
		71D8C0D22304FB8D001B38F8 /* Build configuration list for PBXProject "binary-app" */ = {
			isa = XCConfigurationList;
			buildConfigurations = (
				71D8C0E72304FB8F001B38F8 /* Debug */,
				71D8C0E82304FB8F001B38F8 /* Release */,
			);
			defaultConfigurationIsVisible = 0;
			defaultConfigurationName = Release;
		};
		71D8C0E92304FB8F001B38F8 /* Build configuration list for PBXNativeTarget "binary-app" */ = {
			isa = XCConfigurationList;
			buildConfigurations = (
				71D8C0EA2304FB8F001B38F8 /* Debug */,
				71D8C0EB2304FB8F001B38F8 /* Release */,
			);
			defaultConfigurationIsVisible = 0;
			defaultConfigurationName = Release;
		};
/* End XCConfigurationList section */
	};
	rootObject = 71D8C0CF2304FB8D001B38F8 /* Project object */;
}
